{
    "_meta": {
        "hash": {
            "sha256": "d8368d1511c7d3f62e7bf021b309afcd5a4a8fb7481b874bf25f7733707ce25a"
        },
        "pipfile-spec": 6,
        "requires": {
            "python_version": "3.10"
        },
        "sources": [
            {
                "name": "pypi",
                "url": "https://pypi.org/simple",
                "verify_ssl": true
            }
        ]
    },
    "default": {
        "grpcio": {
            "hashes": [
                "sha256:077a15ce2c620aa3d0e458d585e48281153147fe8c09231d93fb095d36d776df",
                "sha256:1371914fd87fa358271a62e8c489526ebcedcda7f332aa75b1327f32c6a77116",
                "sha256:13f7fa460fbf3900cd4de70c9e461dadd0d41a6f97ed6d211fa64c6227199713",
                "sha256:1f091ae9c476556482b23c82e38b7e3f8f8936acfe49ce94d9b469ce2f4864fa",
                "sha256:26863cae81589be15fff218a63404f096cf3307089d8ceb35fa6ed4f71056729",
                "sha256:3c85ba795ca00ddc5439ae4e719d69ba072627aa38eab3730c03b1a3696becea",
                "sha256:4261726896a288e7865be25bb9b51767ffd5ed72cef93e7bd150541e6ecd6657",
                "sha256:46347bcdedcfa3a38f367e9391972a701c6e998559c8fb0a88187db1e7e7034b",
                "sha256:4c07dab99be2b4d4fef08387dda400ff480e3fe2ac4fd8e40dc4a5a69b7d6753",
                "sha256:4d840c837363772ae435244073d7537955cbe68f48345d431e925f55921775cd",
                "sha256:4ed924193d60e0536c1d21beca1b80ac5564ce969a6ef44a1cabeba5cd36ae1e",
                "sha256:4f57f719cac4e10fe8c7ab97d302af5fed38381b214b2a8cb88e3b686d05d8ac",
                "sha256:681644ae9cb8280ca365c076fa6b3d82734ea797bd920c466f476b5d2648ea07",
                "sha256:713dae6b3d5fcf92da125a0aadc4c99b1174f9a3679ce9426236e362adfae6ab",
                "sha256:731987a32e46b5bcc9d1520b54ed6ebacc8b4c1dd433202af3014e1e26f9683b",
                "sha256:735a622ee588d1d10b11caab66ee4d9a776d0067fe8b8af1792a09b8d1a96868",
                "sha256:777dfa25cfdafbb95ed1c0e9fe144f902101bc11c1146c5c01d980a1d5c234dc",
                "sha256:78c968431be96459a0b2c3a076d01ba52de6ad1ba669cd19dc1654a9f5ab655e",
                "sha256:7dcd57233db114b2343847751308ffa8c9be2769ff069dbcf1fec3c482fcdc0e",
                "sha256:7fc82cdaade801d96e5226eb40f0f1a6fa395ef39ea37ceeb216b87d3e503303",
                "sha256:815abda8af85f9b43cdffe22a22f70ee7b806078a8ecc760ff303c1f85b4da33",
                "sha256:819d62fe3eb5600da736f1b6ebc89dfe3747463bf9a7689cfc4e9c77f489017d",
                "sha256:82fb184ff5ba1333060a41efff2e90717275d14c07cf07efafa7f9782c03c018",
                "sha256:846574e9b99d59c63f70df6822a7a6400fec6c65cb380db27bb1bd6e93b18f52",
                "sha256:853eefbbac33717a4bc9b4285784786c4cb194885672063445b48226feeb5538",
                "sha256:8816dd44c8e0bd2e0760aebb77a5ce401b49ccd7f1eb195d47ce3e2751224c7a",
                "sha256:8ab88e5fc85f7389b8656671e0deeadfe4cf806cdfc493fd7571c74ed5b0f695",
                "sha256:8b9a2fe1ba1ee1969415387ead42f1d39d970963724d455631de5e862c132cb0",
                "sha256:8e602a17cc802b1c44f4be0d0210a48cbd554afce1d75d0903d6e225bece31c9",
                "sha256:97af6a4607dadfaa764fe2ede136999e629cb23d75ca888c0cb99c737718bfdf",
                "sha256:9f8187610c4c995a5aa73a81d8b524ca75c48e1c5082cc3ec410756db0d19b6b",
                "sha256:a066fdfd0a8a84ef72a69fd685bd0b801e5db2eedc497010421c5a5b96e3c328",
                "sha256:a22f00a049b0d90bb76acdda74ab16df5f59a836aef933ba07dca77853a68dc5",
                "sha256:a46df2f6abe947cef50ef25f7d2703fb8ae69d54e656e42be4a9cf14c6780cf4",
                "sha256:ab8d4abd07372f0de678f48cde17a82e3a44eccc555f6fe0fd21b63fcefe4099",
                "sha256:b2d1895d7868f63169ccb72d997b6912fb8a29ebaece7c8e4edfe84b6993ff18",
                "sha256:b3a76937b6079a010e2f27d1758f96977385352e3839d09f7c467e708194d50c",
                "sha256:bcdf6fe55e37773b0bee4d7383dfee47f9d044a9712b2a3833f813a65364bf42",
                "sha256:bf39add21569032ba0ccc6d40d68da5386292ccb6da57df6d5b0c3605b3b05b0",
                "sha256:c37a6d4932d7b331962e478ad0a4cd09aa548e7b2cbf5aefd2d4dce0544f7c26",
                "sha256:c8170689b4dae5e9ed16a0a6cc9ce7a857849b2a5056e6511ceaef172a76d3a0",
                "sha256:c81e62cedecf41c3bf884f987233d232e9d0b4df3b0a5dbb29f660c2a1ed61fa",
                "sha256:cfaa0c0070644540e4343c3837c7c44e53bf7591ab1393573025ef3b00b1ff23",
                "sha256:d018a3c03608e62fadb89ca26a247ff90fa863baeef81b74bdffccde4f720d4b",
                "sha256:d575ac36d7b40f9deea1af92cf727dac97fa081ee31dfd945d0ec027a854ebd5",
                "sha256:de243a3cf74b4e5369882e13632803f16cb180a9c958dd16450c9445c07ff776",
                "sha256:e548edd49d076d84a31329b096cd33f415702705a5220da9ce831fff264c999e",
                "sha256:e637b3374fc78c30064fc174ffcd1eb3ba6078836d883bc03130196a16ac8d71",
                "sha256:e6d78794096444306c687f208cda6539c61d0ec38a8bd88f3583243feeb90e43",
                "sha256:ef357179b0910b2ab1f303f10414eef6097445c70d849031841b7c2b3f7c6c8d",
                "sha256:ef4e8a726696344fa9d51e289cf78e742edf5f18ec210d70f838d521ea50ec48",
                "sha256:f33769c0a2167454e69caddaa89affe791178413955be491192027abb1ab0353",
                "sha256:f5309452e6f0538e32d07aab2f0d62e234a2e4b45d53bea07d74b5afa7729527",
                "sha256:f65525548961140f1348e94fc3fd3f7794b8c0414c03e34e82ffe7ea4023f216"
            ],
            "index": "pypi",
            "version": "==1.45.0rc1"
        },
        "grpcio-tools": {
            "hashes": [
                "sha256:0c27783e9d0c96cfab8c1189c22a20ea6f3399b837fffbf85fbc54ea217b85f3",
                "sha256:0f72397079afec30a5e270e2f5d4b8d18180070f06807a89851b29f55247dbb0",
                "sha256:131a2a20a9b4158c1db7fedca1fa72cdf77d7d539498a6eff8d7dc2312e14e18",
                "sha256:1774d91171afd3b9c891dd577eb5b000a2ab8920fd306fd2b741d327a65ea653",
                "sha256:1960c37b62b65d4314e008992fabbcf28dba99c997f7ad3fa6cd250dd2aa23c0",
                "sha256:2203b15354e2a8ec6fcf52fa6742808e777489fcaad409697aefa1183a5a2826",
                "sha256:29284d4e272b0f87a6ab73df99fa97b62180876caf094dcdfb2eefdc0845f0c5",
                "sha256:29a09232adf890c63b3149205e02bae5aea893b6e91712ac86a0ba25c4cd64ca",
                "sha256:2c4da0b783cad7bd0a5bb0b152d4f6d56651d59ef156902077054da7303516ca",
                "sha256:2d091c8e5a00d5b2ae59082962d4975f0cb4da1d0f17ffdbe473c3aa06ecb11e",
                "sha256:2d316333032564eb0ce69c98350c6aee540f7edd3b5cfd00579e80d48f66f4db",
                "sha256:2da8ecc74c8facf5e82c49c3091d0f5cdb004c924b3207c0e53265d5236ef386",
                "sha256:30a3fc5e74e4e2266f425cd89955a4af71089b1be66d0677cfb21785fbb591ae",
                "sha256:3fa84fc07edc3f87324b045c8835cffd7c3c8d72bf60532350653bc840d49929",
                "sha256:404a3b1e6bdae272ba9b04df3699edac50139b981e77ae8b6975d1894c3b7d48",
                "sha256:451f96fda4364fe1362db61c8f1f07f602814c922ecd7ede432b29bfb6ea64e7",
                "sha256:4708e713d3b265651391509342d2e87db39e64ba3ddc60bc3e2ec8bfb4f16b4b",
                "sha256:4991c2e52775721bc1079bfcba42cf8d2a98f7c820915548e3cd64af66c74c35",
                "sha256:4af2d275d99a5589504060b011ea4288e116e7fdff1e8d0b0e04e37f2f5515c3",
                "sha256:4be0b8872e2bd4763d98e5403b4253b960734e9d26b511806b3be913a64c6518",
                "sha256:50dcce7e3aa15025a03d9104e1d7b9a2589f029da0cf032b9c0873fb7f7f74d4",
                "sha256:51af76797ec9c6ea5a74981babe619b9046436684c36d64e5369e392f9430ded",
                "sha256:5398c1857dfe5fa5257acd29ed14f42ffc6ea6cd0528552dfe3c024fc69d0ec6",
                "sha256:53c19ceb3b4d8555f199b32c8f1ebff009918652892afe291697df025f5b9c6b",
                "sha256:67223c8467ccd8997f407661bba36284323fbf1cf4ea8adf38d5c3c3bc6f3664",
                "sha256:694b85fd047dea47247fa7faf2bac41d3da60ac96510106299acdcca602e8b47",
                "sha256:6e19887d74d5569940dc89bd84c04a8f60c61418b582b5312ec90d70484c41f2",
                "sha256:6ea8803aefb58f29ef62d4677971715e0e06357705147b9df4aa1ce9a19f4d43",
                "sha256:735816e7dbc5b80936119b784c87548582b01f1157c7603f296f0697872c355d",
                "sha256:764d334fad2fb75f46a4eeccfd1e02f24e72833c25f4d9f2aac7ab1f01ddbd37",
                "sha256:7a2569a8899f346368a8a9768c2c22accb471e2605710c3155ec1fe23856eb25",
                "sha256:82accec4448594cde1e77e43652f99f26da7c08a284e68b3749b6ef46bcd68f4",
                "sha256:8b6b1a9c786a704e3685229620ab6ecb270fd74064d3f3671a5d758536a66d4e",
                "sha256:8d07a5371ff3640aeef8cae9fb8ccacf9f2c5bbb514acb3752038dc31818d23e",
                "sha256:8f850e2ad053e502c14c8ae0d6354c4588713034a97e148862fce5707aaab772",
                "sha256:951aadafed45a1b959a365ee05402f272cb3e8b44896774a05182442add9e232",
                "sha256:96ba9933da8a4fc38a35c66e749c7c04a2a6f18d38b6f58e97fdb7fc3b3b935c",
                "sha256:b49a678f4318287a800fb5bf87af62ae7b2836306b433ae73db58851a6861625",
                "sha256:b8659b094643962789d98422698882fcd47ea460b1c0a28725a65fd1a801964b",
                "sha256:b9238434d853b4124a357036634aabe606236c8be6edbae87a312333a672bb0d",
                "sha256:babb9c16e013500b8ecabee890fab0913df6b2019962aeea54c5e9205207d869",
                "sha256:bc5bdf27c22a4932f19d6ef34bb4aea0b64382cfd274201e33328faf04657420",
                "sha256:c4a3f6d6ceabc5268d2d6ea48118f4d69b2c8f6254ccdd263959f6ebf9a981e3",
                "sha256:ca9d013f49b2698886078af351af1807e50be5b7f12ddf2792c472f79d2e7341",
                "sha256:d396bfbeae176f7ff328d0abfc994c77ee069cfcaf0a203bea7119099d24d681",
                "sha256:d90880a1ca335c1e79ace24459c0bdc95ad5af493ba8f0c89b2a4ea09641785e",
                "sha256:e242cdbd7a3500e4fe92d627dc2677869a9f9aef08dc2f5fd0df5885ce797a03",
                "sha256:e795dc080d2dd5d6bc83c5e17221acc900447cf9c9145163c9ce2f5f7299b459",
                "sha256:eaef019b059ecd04ffacd36fdeaa6f53b7a14a1e625ecdd328e512a16b093106",
                "sha256:eeede842fbb54114b1b19db1be776fa58739a45eebfc34fe18f72bb3b90fad0d",
                "sha256:f586ce363ea610580a3069f7572d7d2ca3216dd47646597c551e18c268498bd2",
                "sha256:f66df3eebb22a8f8e7c77c37fd1462807c52a9ef8af46bc2fd5290f830150061",
                "sha256:faabc1c0e07db8fd9c7b15db0bfb91faa8fbce09811ef3c179635483e26b3945",
                "sha256:fb99fe4e5fdf0b32a92aa94102428c73a6397e74f0635ea482c1a9f88bd4e938"
            ],
            "index": "pypi",
            "version": "==1.45.0rc1"
        },
        "pillow": {
            "hashes": [
                "sha256:01ce45deec9df310cbbee11104bae1a2a43308dd9c317f99235b6d3080ddd66e",
                "sha256:0c51cb9edac8a5abd069fd0758ac0a8bfe52c261ee0e330f363548aca6893595",
                "sha256:17869489de2fce6c36690a0c721bd3db176194af5f39249c1ac56d0bb0fcc512",
                "sha256:21dee8466b42912335151d24c1665fcf44dc2ee47e021d233a40c3ca5adae59c",
                "sha256:25023a6209a4d7c42154073144608c9a71d3512b648a2f5d4465182cb93d3477",
                "sha256:255c9d69754a4c90b0ee484967fc8818c7ff8311c6dddcc43a4340e10cd1636a",
                "sha256:35be4a9f65441d9982240e6966c1eaa1c654c4e5e931eaf580130409e31804d4",
                "sha256:3f42364485bfdab19c1373b5cd62f7c5ab7cc052e19644862ec8f15bb8af289e",
                "sha256:3fddcdb619ba04491e8f771636583a7cc5a5051cd193ff1aa1ee8616d2a692c5",
                "sha256:463acf531f5d0925ca55904fa668bb3461c3ef6bc779e1d6d8a488092bdee378",
                "sha256:4fe29a070de394e449fd88ebe1624d1e2d7ddeed4c12e0b31624561b58948d9a",
                "sha256:55dd1cf09a1fd7c7b78425967aacae9b0d70125f7d3ab973fadc7b5abc3de652",
                "sha256:5a3ecc026ea0e14d0ad7cd990ea7f48bfcb3eb4271034657dc9d06933c6629a7",
                "sha256:5cfca31ab4c13552a0f354c87fbd7f162a4fafd25e6b521bba93a57fe6a3700a",
                "sha256:66822d01e82506a19407d1afc104c3fcea3b81d5eb11485e593ad6b8492f995a",
                "sha256:69e5ddc609230d4408277af135c5b5c8fe7a54b2bdb8ad7c5100b86b3aab04c6",
                "sha256:6b6d4050b208c8ff886fd3db6690bf04f9a48749d78b41b7a5bf24c236ab0165",
                "sha256:7a053bd4d65a3294b153bdd7724dce864a1d548416a5ef61f6d03bf149205160",
                "sha256:82283af99c1c3a5ba1da44c67296d5aad19f11c535b551a5ae55328a317ce331",
                "sha256:8782189c796eff29dbb37dd87afa4ad4d40fc90b2742704f94812851b725964b",
                "sha256:8d79c6f468215d1a8415aa53d9868a6b40c4682165b8cb62a221b1baa47db458",
                "sha256:97bda660702a856c2c9e12ec26fc6d187631ddfd896ff685814ab21ef0597033",
                "sha256:a325ac71914c5c043fa50441b36606e64a10cd262de12f7a179620f579752ff8",
                "sha256:a336a4f74baf67e26f3acc4d61c913e378e931817cd1e2ef4dfb79d3e051b481",
                "sha256:a598d8830f6ef5501002ae85c7dbfcd9c27cc4efc02a1989369303ba85573e58",
                "sha256:a5eaf3b42df2bcda61c53a742ee2c6e63f777d0e085bbc6b2ab7ed57deb13db7",
                "sha256:aea7ce61328e15943d7b9eaca87e81f7c62ff90f669116f857262e9da4057ba3",
                "sha256:af79d3fde1fc2e33561166d62e3b63f0cc3e47b5a3a2e5fea40d4917754734ea",
                "sha256:c24f718f9dd73bb2b31a6201e6db5ea4a61fdd1d1c200f43ee585fc6dcd21b34",
                "sha256:c5b0ff59785d93b3437c3703e3c64c178aabada51dea2a7f2c5eccf1bcf565a3",
                "sha256:c7110ec1701b0bf8df569a7592a196c9d07c764a0a74f65471ea56816f10e2c8",
                "sha256:c870193cce4b76713a2b29be5d8327c8ccbe0d4a49bc22968aa1e680930f5581",
                "sha256:c9efef876c21788366ea1f50ecb39d5d6f65febe25ad1d4c0b8dff98843ac244",
                "sha256:de344bcf6e2463bb25179d74d6e7989e375f906bcec8cb86edb8b12acbc7dfef",
                "sha256:eb1b89b11256b5b6cad5e7593f9061ac4624f7651f7a8eb4dfa37caa1dfaa4d0",
                "sha256:ed742214068efa95e9844c2d9129e209ed63f61baa4d54dbf4cf8b5e2d30ccf2",
                "sha256:f401ed2bbb155e1ade150ccc63db1a4f6c1909d3d378f7d1235a44e90d75fb97",
                "sha256:fb89397013cf302f282f0fc998bb7abf11d49dcff72c8ecb320f76ea6e2c5717"
            ],
            "index": "pypi",
            "version": "==9.1.0"
        },
        "protobuf": {
            "hashes": [
                "sha256:0405c3c1cbcc5f827c4a681558d3c628b0a0ac8a7eaea840e521ea427fbe803c",
                "sha256:091a3b6bea4b01ad77846598b77e7f56a51c28214abfd31054ef0ea7c666c064",
                "sha256:109f003328dd46b96e318ba4a4c6a82dd128e4d786c273c45dcc93a4b2630ece",
                "sha256:26355216684829155238c27858a909426423880740d32293e4efc262385c321b",
                "sha256:2845c86bd3dfae3b2d8e4697e7b7afe1bd05ee2d8c71171de1975d3449009e39",
                "sha256:2a82a269769dd693480b0dd8267dadbadf50dcc33dbf0c602d643c8367896b60",
                "sha256:318e1a0e10fc062b6f52e9c4922f4ce2545d13480f11f1cea67852b560461c56",
                "sha256:439712847df0920fbdc4e490240edd8bb025f0bb9b529fb465242d2365a6f6f0",
                "sha256:497cbc7c0d034d6061be631b332433560d12ca8cb603a3132d978c44571d043b",
                "sha256:4b255dc7714eb904a5de2578a5f0358132c6eb28c3b9d8abfc307de274881e4f",
                "sha256:4d5eefb8b11f5904cb226036168120a440451da1b370fbc1315b2a11af026590",
                "sha256:6960da4d4c16adb02c07ed4f55d1669b1cfe0180d09550d47f2f15b3563b7504",
                "sha256:7d8ed8d87a008685f7950a0545180a2457d8601f3150ec2288f185195cb54506",
                "sha256:8f4b3f2de9559da9ce9f6099e8c0423470d64fc6e88b8a9ccecb104b33c975d3",
                "sha256:a80b13b6c31cfe2fd43846d99e740e9f5f22ace756a26d59897185d84d31210f",
                "sha256:af908d773fa818256f6159556d3bcb8db71415c0219299cebad01df123730c51",
                "sha256:c8d375262a9efe44ac73985c62a2722b155b7e33f4a4bd4066c7a1b24fce93c2",
                "sha256:cc18e48ff46cf0c853713413add97cfdc14672aa4a7a1f7a2e0471712430c85f",
                "sha256:cf45ce9e038a19f770e84b5ba5eb4434b044fc633247b903ae728c66b210f7b1",
                "sha256:dd3d652fec35c01f737b034a8726677bc8a8767981ed25c4fd3eb4dbe4b9ab9b",
                "sha256:dfe8f342fb5c2f92dcaf3855b532d02e9d7ff847342b2b3ae324aa102c7a2fb3",
                "sha256:f26f89a4495ea4f2c4abc703b8f68ab1f6c5ebf18a8732df39e8bdf7b9d94da4",
                "sha256:f899a5661f45dbd8ff0261c22a327c1333a317450c836874ab3c34ffd7053bd8",
                "sha256:fcd931cfd80ab29412588c62735b2783e34350bbf03eff277988debea4c3f8a6"
            ],
            "markers": "python_version >= '3.7'",
            "version": "==3.20.1rc1"
        },
        "setuptools": {
            "hashes": [
                "sha256:7999cbd87f1b6e1f33bf47efa368b224bed5e27b5ef2c4d46580186cbcb1a86a",
                "sha256:a65e3802053e99fc64c6b3b29c11132943d5b8c8facbcc461157511546510967"
            ],
            "markers": "python_version >= '3.7'",
            "version": "==62.0.0"
        },
        "six": {
            "hashes": [
                "sha256:1e61c37477a1626458e36f7b1d82aa5c9b094fa4802892072e49de9c60c4c926",
                "sha256:8abb2f1d86890a2dfb989f9a77cfcfd3e47c2a354b01111771326f8aa26e0254"
            ],
            "markers": "python_version >= '2.7' and python_version not in '3.0, 3.1, 3.2, 3.3'",
            "version": "==1.16.0"
        }
    },
    "develop": {
        "asttokens": {
            "hashes": [
                "sha256:0844691e88552595a6f4a4281a9f7f79b8dd45ca4ccea82e5e05b4bbdb76705c",
                "sha256:9a54c114f02c7a9480d56550932546a3f1fe71d8a02f1bc7ccd0ee3ee35cf4d5"
            ],
            "version": "==2.0.5"
        },
        "autopep8": {
            "hashes": [
                "sha256:44f0932855039d2c15c4510d6df665e4730f2b8582704fa48f9c55bd3e17d979",
                "sha256:ed77137193bbac52d029a52c59bec1b0629b5a186c495f1eb21b126ac466083f"
            ],
            "index": "pypi",
            "version": "==1.6.0"
        },
        "backcall": {
            "hashes": [
                "sha256:5cbdbf27be5e7cfadb448baf0aa95508f91f2bbc6c6437cd9cd06e2a4c215e1e",
                "sha256:fbbce6a29f263178a1f7915c1940bde0ec2b2a967566fe1c65c1dfb7422bd255"
            ],
            "version": "==0.2.0"
        },
        "black": {
            "hashes": [
                "sha256:06f9d8846f2340dfac80ceb20200ea5d1b3f181dd0556b47af4e8e0b24fa0a6b",
                "sha256:10dbe6e6d2988049b4655b2b739f98785a884d4d6b85bc35133a8fb9a2233176",
                "sha256:2497f9c2386572e28921fa8bec7be3e51de6801f7459dffd6e62492531c47e09",
                "sha256:30d78ba6bf080eeaf0b7b875d924b15cd46fec5fd044ddfbad38c8ea9171043a",
                "sha256:328efc0cc70ccb23429d6be184a15ce613f676bdfc85e5fe8ea2a9354b4e9015",
                "sha256:35020b8886c022ced9282b51b5a875b6d1ab0c387b31a065b84db7c33085ca79",
                "sha256:5795a0375eb87bfe902e80e0c8cfaedf8af4d49694d69161e5bd3206c18618bb",
                "sha256:5891ef8abc06576985de8fa88e95ab70641de6c1fca97e2a15820a9b69e51b20",
                "sha256:637a4014c63fbf42a692d22b55d8ad6968a946b4a6ebc385c5505d9625b6a464",
                "sha256:67c8301ec94e3bcc8906740fe071391bce40a862b7be0b86fb5382beefecd968",
                "sha256:6d2fc92002d44746d3e7db7cf9313cf4452f43e9ea77a2c939defce3b10b5c82",
                "sha256:6ee227b696ca60dd1c507be80a6bc849a5a6ab57ac7352aad1ffec9e8b805f21",
                "sha256:863714200ada56cbc366dc9ae5291ceb936573155f8bf8e9de92aef51f3ad0f0",
                "sha256:9b542ced1ec0ceeff5b37d69838106a6348e60db7b8fdd245294dc1d26136265",
                "sha256:a6342964b43a99dbc72f72812bf88cad8f0217ae9acb47c0d4f141a6416d2d7b",
                "sha256:ad4efa5fad66b903b4a5f96d91461d90b9507a812b3c5de657d544215bb7877a",
                "sha256:bc58025940a896d7e5356952228b68f793cf5fcb342be703c3a2669a1488cb72",
                "sha256:cc1e1de68c8e5444e8f94c3670bb48a2beef0e91dddfd4fcc29595ebd90bb9ce",
                "sha256:cee3e11161dde1b2a33a904b850b0899e0424cc331b7295f2a9698e79f9a69a0",
                "sha256:e3556168e2e5c49629f7b0f377070240bd5511e45e25a4497bb0073d9dda776a",
                "sha256:e8477ec6bbfe0312c128e74644ac8a02ca06bcdb8982d4ee06f209be28cdf163",
                "sha256:ee8f1f7228cce7dffc2b464f07ce769f478968bfb3dd1254a4c2eeed84928aad",
                "sha256:fd57160949179ec517d32ac2ac898b5f20d68ed1a9c977346efbac9c2f1e779d"
            ],
            "index": "pypi",
            "version": "==22.3.0"
        },
        "click": {
            "hashes": [
                "sha256:24e1a4a9ec5bf6299411369b208c1df2188d9eb8d916302fe6bf03faed227f1e",
                "sha256:479707fe14d9ec9a0757618b7a100a0ae4c4e236fac5b7f80ca68028141a1a72"
            ],
            "markers": "python_version >= '3.7'",
            "version": "==8.1.2"
        },
        "debugpy": {
            "hashes": [
                "sha256:0d383b91efee57dbb923ba20801130cf60450a0eda60bce25bccd937de8e323a",
                "sha256:0e3aa2368883e83e7b689ddff3cafb595f7b711f6a065886b46a96a7fef874e7",
                "sha256:132defb585b518955358321d0f42f6aa815aa15b432be27db654807707c70b2f",
                "sha256:1ff853e60e77e1c16f85a31adb8360bb2d98ca588d7ed645b7f0985b240bdb5e",
                "sha256:245c7789a012f86210847ec7ee9f38c30a30d4c2223c3e111829a76c9006a5d0",
                "sha256:30abefefd2ff5a5481162d613cb70e60e2fa80a5eb4c994717c0f008ed25d2e1",
                "sha256:40de9ba137d355538432209d05e0f5fe5d0498dce761c39119ad4b950b51db31",
                "sha256:4de7777842da7e08652f2776c552070bbdd758557fdec73a15d7be0e4aab95ce",
                "sha256:5c492235d6b68f879df3bdbdb01f25c15be15682665517c2c7d0420e5658d71f",
                "sha256:72bcfa97f3afa0064afc77ab811f48ad4a06ac330f290b675082c24437730366",
                "sha256:7b79c40852991f7b6c3ea65845ed0f5f6b731c37f4f9ad9c61e2ab4bd48a9275",
                "sha256:8e972c717d95f56b6a3a7a29a5ede1ee8f2c3802f6f0e678203b0778eb322bf1",
                "sha256:8ee75844242b4537beb5899f3e60a578454d1f136b99e8d57ac424573797b94a",
                "sha256:a65a2499761d47df3e9ea9567109be6e73d412e00ac3ffcf74839f3ddfcdf028",
                "sha256:a8aaeb53e87225141fda7b9081bd87155c1debc13e2f5a532d341112d1983b65",
                "sha256:bd980d533d0ddfc451e03a3bb32acb2900049fec39afc3425b944ebf0889be62",
                "sha256:e3513399177dd37af4c1332df52da5da1d0c387e5927dc4c0709e26ee7302e8f",
                "sha256:eb1946efac0c0c3d411cea0b5ac772fbde744109fd9520fb0c5a51979faf05ad"
            ],
            "markers": "python_version >= '3.7'",
            "version": "==1.6.0"
        },
        "decorator": {
            "hashes": [
                "sha256:637996211036b6385ef91435e4fae22989472f9d571faba8927ba8253acbc330",
                "sha256:b8c3f85900b9dc423225913c5aace94729fe1fa9763b38939a95226f02d37186"
            ],
            "markers": "python_version >= '3.5'",
            "version": "==5.1.1"
        },
        "entrypoints": {
            "hashes": [
                "sha256:b706eddaa9218a19ebcd67b56818f05bb27589b1ca9e8d797b74affad4ccacd4",
                "sha256:f174b5ff827504fd3cd97cc3f8649f3693f51538c7e4bdf3ef002c8429d42f9f"
            ],
            "markers": "python_version >= '3.6'",
            "version": "==0.4"
        },
        "executing": {
            "hashes": [
                "sha256:c6554e21c6b060590a6d3be4b82fb78f8f0194d809de5ea7df1c093763311501",
                "sha256:d1eef132db1b83649a3905ca6dd8897f71ac6f8cac79a7e58a1a09cf137546c9"
            ],
            "version": "==0.8.3"
        },
        "ipykernel": {
            "hashes": [
                "sha256:0868f5561729ade444011f8ca7d3502dc9f27f7f44e20f1d5fee7e1f2b7183a1",
                "sha256:d840e3bf1c4b23bf6939f78dcdae639c9f6962e41d17e1c084a18c3c7f972d3a"
            ],
            "index": "pypi",
            "version": "==6.12.1"
        },
        "ipython": {
            "hashes": [
                "sha256:1b672bfd7a48d87ab203d9af8727a3b0174a4566b4091e9447c22fb63ea32857",
                "sha256:70e5eb132cac594a34b5f799bd252589009905f05104728aea6a403ec2519dc1"
            ],
            "markers": "python_version >= '3.8'",
            "version": "==8.2.0"
        },
        "jedi": {
            "hashes": [
                "sha256:637c9635fcf47945ceb91cd7f320234a7be540ded6f3e99a50cb6febdfd1ba8d",
                "sha256:74137626a64a99c8eb6ae5832d99b3bdd7d29a3850fe2aa80a4126b2a7d949ab"
            ],
            "markers": "python_version >= '3.6'",
            "version": "==0.18.1"
        },
        "jupyter-client": {
            "hashes": [
                "sha256:44045448eadc12493d819d965eb1dc9d10d1927698adbb9b14eb9a3a4a45ba53",
                "sha256:8fdbad344a8baa6a413d86d25bbf87ce21cb2b4aa5a8e0413863b9754eb8eb8a"
            ],
            "markers": "python_version >= '3.7'",
            "version": "==7.2.2"
        },
        "jupyter-core": {
            "hashes": [
                "sha256:d69baeb9ffb128b8cd2657fcf2703f89c769d1673c851812119e3a2a0e93ad9a",
                "sha256:f875e4d27e202590311d468fa55f90c575f201490bd0c18acabe4e318db4a46d"
            ],
            "markers": "python_version >= '3.6'",
            "version": "==4.9.2"
        },
        "matplotlib-inline": {
            "hashes": [
                "sha256:a04bfba22e0d1395479f866853ec1ee28eea1485c1d69a6faf00dc3e24ff34ee",
                "sha256:aed605ba3b72462d64d475a21a9296f400a19c4f74a31b59103d2a99ffd5aa5c"
            ],
            "markers": "python_version >= '3.5'",
            "version": "==0.1.3"
        },
        "mypy-extensions": {
            "hashes": [
                "sha256:090fedd75945a69ae91ce1303b5824f428daf5a028d2f6ab8a299250a846f15d",
                "sha256:2d82818f5bb3e369420cb3c4060a7970edba416647068eb4c5343488a6c604a8"
            ],
            "version": "==0.4.3"
        },
        "nest-asyncio": {
            "hashes": [
                "sha256:b98e3ec1b246135e4642eceffa5a6c23a3ab12c82ff816a92c612d68205813b2",
                "sha256:e442291cd942698be619823a17a86a5759eabe1f8613084790de189fe9e16d65"
            ],
            "markers": "python_version >= '3.5'",
            "version": "==1.5.5"
        },
        "packaging": {
            "hashes": [
                "sha256:dd47c42927d89ab911e606518907cc2d3a1f38bbd026385970643f9c5b8ecfeb",
                "sha256:ef103e05f519cdc783ae24ea4e2e0f508a9c99b2d4969652eed6a2e1ea5bd522"
            ],
            "markers": "python_version >= '3.6'",
            "version": "==21.3"
        },
        "parso": {
            "hashes": [
                "sha256:8c07be290bb59f03588915921e29e8a50002acaf2cdc5fa0e0114f91709fafa0",
                "sha256:c001d4636cd3aecdaf33cbb40aebb59b094be2a74c556778ef5576c175e19e75"
            ],
            "markers": "python_version >= '3.6'",
            "version": "==0.8.3"
        },
        "pathspec": {
            "hashes": [
                "sha256:7d15c4ddb0b5c802d161efc417ec1a2558ea2653c2e8ad9c19098201dc1c993a",
                "sha256:e564499435a2673d586f6b2130bb5b95f04a3ba06f81b8f895b651a3c76aabb1"
            ],
            "version": "==0.9.0"
        },
        "pexpect": {
            "hashes": [
                "sha256:0b48a55dcb3c05f3329815901ea4fc1537514d6ba867a152b581d69ae3710937",
                "sha256:fc65a43959d153d0114afe13997d439c22823a27cefceb5ff35c2178c6784c0c"
            ],
            "markers": "sys_platform != 'win32'",
            "version": "==4.8.0"
        },
        "pickleshare": {
            "hashes": [
                "sha256:87683d47965c1da65cdacaf31c8441d12b8044cdec9aca500cd78fc2c683afca",
                "sha256:9649af414d74d4df115d5d718f82acb59c9d418196b7b4290ed47a12ce62df56"
            ],
            "version": "==0.7.5"
        },
        "platformdirs": {
            "hashes": [
                "sha256:7535e70dfa32e84d4b34996ea99c5e432fa29a708d0f4e394bbcb2a8faa4f16d",
                "sha256:bcae7cab893c2d310a711b70b24efb93334febe65f8de776ee320b517471e227"
            ],
            "markers": "python_version >= '3.7'",
            "version": "==2.5.1"
        },
        "prompt-toolkit": {
            "hashes": [
                "sha256:62291dad495e665fca0bda814e342c69952086afb0f4094d0893d357e5c78752",
                "sha256:bd640f60e8cecd74f0dc249713d433ace2ddc62b65ee07f96d358e0b152b6ea7"
            ],
            "markers": "python_full_version >= '3.6.2'",
            "version": "==3.0.29"
        },
        "psutil": {
            "hashes": [
                "sha256:072664401ae6e7c1bfb878c65d7282d4b4391f1bc9a56d5e03b5a490403271b5",
                "sha256:1070a9b287846a21a5d572d6dddd369517510b68710fca56b0e9e02fd24bed9a",
                "sha256:1d7b433519b9a38192dfda962dd8f44446668c009833e1429a52424624f408b4",
                "sha256:3151a58f0fbd8942ba94f7c31c7e6b310d2989f4da74fcbf28b934374e9bf841",
                "sha256:32acf55cb9a8cbfb29167cd005951df81b567099295291bcfd1027365b36591d",
                "sha256:3611e87eea393f779a35b192b46a164b1d01167c9d323dda9b1e527ea69d697d",
                "sha256:3d00a664e31921009a84367266b35ba0aac04a2a6cad09c550a89041034d19a0",
                "sha256:4e2fb92e3aeae3ec3b7b66c528981fd327fb93fd906a77215200404444ec1845",
                "sha256:539e429da49c5d27d5a58e3563886057f8fc3868a5547b4f1876d9c0f007bccf",
                "sha256:55ce319452e3d139e25d6c3f85a1acf12d1607ddedea5e35fb47a552c051161b",
                "sha256:58c7d923dc209225600aec73aa2c4ae8ea33b1ab31bc11ef8a5933b027476f07",
                "sha256:7336292a13a80eb93c21f36bde4328aa748a04b68c13d01dfddd67fc13fd0618",
                "sha256:742c34fff804f34f62659279ed5c5b723bb0195e9d7bd9907591de9f8f6558e2",
                "sha256:7641300de73e4909e5d148e90cc3142fb890079e1525a840cf0dfd39195239fd",
                "sha256:76cebf84aac1d6da5b63df11fe0d377b46b7b500d892284068bacccf12f20666",
                "sha256:7779be4025c540d1d65a2de3f30caeacc49ae7a2152108adeaf42c7534a115ce",
                "sha256:7d190ee2eaef7831163f254dc58f6d2e2a22e27382b936aab51c835fc080c3d3",
                "sha256:8293942e4ce0c5689821f65ce6522ce4786d02af57f13c0195b40e1edb1db61d",
                "sha256:869842dbd66bb80c3217158e629d6fceaecc3a3166d3d1faee515b05dd26ca25",
                "sha256:90a58b9fcae2dbfe4ba852b57bd4a1dded6b990a33d6428c7614b7d48eccb492",
                "sha256:9b51917c1af3fa35a3f2dabd7ba96a2a4f19df3dec911da73875e1edaf22a40b",
                "sha256:b2237f35c4bbae932ee98902a08050a27821f8f6dfa880a47195e5993af4702d",
                "sha256:c3400cae15bdb449d518545cbd5b649117de54e3596ded84aacabfbb3297ead2",
                "sha256:c51f1af02334e4b516ec221ee26b8fdf105032418ca5a5ab9737e8c87dafe203",
                "sha256:cb8d10461c1ceee0c25a64f2dd54872b70b89c26419e147a05a10b753ad36ec2",
                "sha256:d62a2796e08dd024b8179bd441cb714e0f81226c352c802fca0fd3f89eeacd94",
                "sha256:df2c8bd48fb83a8408c8390b143c6a6fa10cb1a674ca664954de193fdcab36a9",
                "sha256:e5c783d0b1ad6ca8a5d3e7b680468c9c926b804be83a3a8e95141b05c39c9f64",
                "sha256:e9805fed4f2a81de98ae5fe38b75a74c6e6ad2df8a5c479594c7629a1fe35f56",
                "sha256:ea42d747c5f71b5ccaa6897b216a7dadb9f52c72a0fe2b872ef7d3e1eacf3ba3",
                "sha256:ef216cc9feb60634bda2f341a9559ac594e2eeaadd0ba187a4c2eb5b5d40b91c",
                "sha256:ff0d41f8b3e9ebb6b6110057e40019a432e96aae2008951121ba4e56040b84f3"
            ],
            "markers": "python_version >= '2.6' and python_version not in '3.0, 3.1, 3.2, 3.3'",
            "version": "==5.9.0"
        },
        "ptyprocess": {
            "hashes": [
                "sha256:4b41f3967fce3af57cc7e94b888626c18bf37a083e3651ca8feeb66d492fef35",
                "sha256:5c5d0a3b48ceee0b48485e0c26037c0acd7d29765ca3fbb5cb3831d347423220"
            ],
            "version": "==0.7.0"
        },
        "pure-eval": {
            "hashes": [
                "sha256:01eaab343580944bc56080ebe0a674b39ec44a945e6d09ba7db3cb8cec289350",
                "sha256:2b45320af6dfaa1750f543d714b6d1c520a1688dec6fd24d339063ce0aaa9ac3"
            ],
            "version": "==0.2.2"
        },
        "pycodestyle": {
            "hashes": [
                "sha256:720f8b39dde8b293825e7ff02c475f3077124006db4f440dcbc9a20b76548a20",
                "sha256:eddd5847ef438ea1c7870ca7eb78a9d47ce0cdb4851a5523949f2601d0cbbe7f"
            ],
            "markers": "python_version >= '2.7' and python_version not in '3.0, 3.1, 3.2, 3.3, 3.4'",
            "version": "==2.8.0"
        },
        "pygments": {
            "hashes": [
                "sha256:44238f1b60a76d78fc8ca0528ee429702aae011c265fe6a8dd8b63049ae41c65",
                "sha256:4e426f72023d88d03b2fa258de560726ce890ff3b630f88c21cbb8b2503b8c6a"
            ],
            "markers": "python_version >= '3.5'",
            "version": "==2.11.2"
        },
        "pyparsing": {
            "hashes": [
                "sha256:18ee9022775d270c55187733956460083db60b37d0d0fb357445f3094eed3eea",
                "sha256:a6c06a88f252e6c322f65faf8f418b16213b51bdfaece0524c1c1bc30c63c484"
            ],
            "markers": "python_version >= '3.6'",
            "version": "==3.0.7"
        },
        "python-dateutil": {
            "hashes": [
                "sha256:0123cacc1627ae19ddf3c27a5de5bd67ee4586fbdd6440d9748f8abb483d3e86",
                "sha256:961d03dc3453ebbc59dbdea9e4e11c5651520a876d0f4db161e8674aae935da9"
            ],
            "markers": "python_version >= '2.7' and python_version not in '3.0, 3.1, 3.2, 3.3'",
            "version": "==2.8.2"
        },
        "pyzmq": {
            "hashes": [
                "sha256:031417b5d450baf645cf9dbf6d156399010505867f0e0db7ce32e50b83c4f4c8",
                "sha256:07b4f6f852ded85db1e1939fd9c08cb8b548ad07a386f7237cdebe1b884dffac",
                "sha256:099b59e2bdf7bb08599b21425f82e896682642293fe7eddeb0afbe2c79bfa97a",
                "sha256:113df7f444c7e60a09f940edc4366d1ba33f374527f9a57096b0eeda731430b9",
                "sha256:21529e58514c42598f1ad8ca5551b09e52533e8c13a93d0588b10e9f38b1c045",
                "sha256:22581b4b5becf830ab42b36412100eceb412b1dd3367627e67dd4ed8754f5055",
                "sha256:226c6a705f33303752bcc7c6979c1cc0db4178c4e7011b8a53398200d49e6c47",
                "sha256:232b1511bc81ae0a44002f3b7f42e96813353c2a19b1eeedcb36a0867755606d",
                "sha256:2aaa587eb77fce70a5f85fba8711f70a6e8a0c84e5aa75d28f1c47acbbdc3b80",
                "sha256:37cfba29611afde16e6f3cc24e6a5c2ef802923f40df4f5ef4cda53dc9ac774a",
                "sha256:3b93edc90e6dcca5cdb21a67a92cc593c06b9bc681ffef1665e84c6cc8fc14ff",
                "sha256:49300eb7c25046e54459f2e3815a1db430e44f309a28bf70b0c8aedf8c5370a9",
                "sha256:4bd5ecf70fd80c0f3debb585412fecace3fecab59665a30437cf9424df5514fe",
                "sha256:4dca17b0b27603b2c202b694f440c4b60d1c9c1a4966df9d361cd98b7f41270f",
                "sha256:50184458e22ca6e7c18364dc825a177d607a08d8d9bd2bc5577b16169c1f85cd",
                "sha256:51e3b39364e069264e451c710b74d46cb1484bc88a17f8ff7c8f8ea2d97c7181",
                "sha256:52b1b41488988f0f60c347166e659e9ff530b8f8395896394e177b842ea8835d",
                "sha256:532dd70586511bd000671a17b59124d9d599164fc76512ab798fa334522f774c",
                "sha256:5ca84bb9f649ee06192ee0a7120b398cc447eaac187e9bc689e9e8ba843fde99",
                "sha256:5e4121b525d90330524b6ee7aa8a8c83bf2c1e01709963611d857ebc14f80a3e",
                "sha256:656d2a54411c1f204f579c88480641d0a9503eb7eb98517f90ace4cf2897af99",
                "sha256:664b7f57330470a8354f248650958c91d1d806408e13fece3d38b545f43e6e3e",
                "sha256:6d9025bca175aaecc0f54b2895bef22dc154ca13824a0828f6be4efcdaadefed",
                "sha256:7280ecd232e439e040b5cd5ebdd5d5ebaa46cbcd1163e1fd0be236f9871047be",
                "sha256:7a5ac470da6bb13f022c5e392d4528f05d5cadb37702ed434c652aa2ef5538c1",
                "sha256:81ff0ec9c4d81db3b91d9568c3051ced6e81637ac912bc30d149cf54b1e3cee3",
                "sha256:8306f064bf4603381313e4fa66d3b04c50ae8df6888c538d2c1d8072c4c36443",
                "sha256:830fd69828931fcd67a283485dc0a9ad1a54c48514a0f68f0d559ab7de1cc7a2",
                "sha256:83f8dfbb6711e956a6705e8dbdfc0df32f34bb2aad0f19128bc6abe2fbffe1b2",
                "sha256:850032302a9bff470788813389482ad76f83448f2b448b2885ab479d370a9ac3",
                "sha256:88786376e7a13dbe37181e6ca079ffdca55186fd80eb44b97ad4d6e5579d5294",
                "sha256:8d4cf52e1a2ffe398315c026435dea8a3f09ba12deea88302b3fb5d3527264e1",
                "sha256:98f869ff401a1f4c6104fecf44b21ad027b6a94240d565c67528eac96c6a7b4e",
                "sha256:9a74e6080b3f76486fe26d35e84c3734081bab729f0124df0b27ae2612cee260",
                "sha256:a17befeb4f532b3a80f4befa889b5e6a21c7113a5c145b4dd3a7bb472df0815f",
                "sha256:a5cf28f9d566216470357b107147b9ec320025bdc40ca0f0d1d6603a958c3a60",
                "sha256:b1495d9d520384c4ac30814943bc3a45d005aee2c9362c91ad536b1db5660ec1",
                "sha256:b63605f2ee5c5bca4d762e876c8879760bf046510687de735e28103f072a2d77",
                "sha256:bb612af9dc23d80688ace7f005a9ed4e5dae20c988dd197381e7e20d49836c11",
                "sha256:c2e1071a11c1bf62888859c761e33a20840ac70819b5c86a55b4ebec3cf8733e",
                "sha256:c887bc1a80bef14aa12f1756bd8e976c3f3a4d5fd410ba17454a382a00cfe721",
                "sha256:d0a30aac29088a1e11777ce2221bb08f85a9fdb2b386d6fd02f9f36260b48338",
                "sha256:d6cced1b564ca1da4ba9e19de88d9cc0422b75ffab869f1bb21ceccd754c6bf5",
                "sha256:d8859098ff2bcf3fe2e43d3c6915127a45363a90534d1f2af9487ae87c2920db",
                "sha256:e4a189b86adfd0075cc9e41550540cd620a17f74c118d2cf6af0361be07e1d82",
                "sha256:e7da43aebe4dc18349f716470f728afbae449d4cfd3945ba6805a563e0ddc1be",
                "sha256:f1fc63e7eef23418cdfe8169dbcb0964c36f7c180f60dae122c0f9bb359df2f7",
                "sha256:f2c7bf98fdb2f81304921a9aa25ae73b5fdeae0da2fb46d1efec94ba8ffb34d6",
                "sha256:f3bbcfde5466c2e3c63d0f77a12daf19308ffa9b03fe0758424bb61b8150abfd",
                "sha256:fb9c3747c6516da0b21d4e38d4f433db0216f8e214173bd02a916d8deda68ef2",
                "sha256:fd4bf5dfe291611881a19059bcd5b973475f46deaa4fc88fb4357013ed6c4b09"
            ],
            "markers": "python_version >= '3.6'",
            "version": "==23.0.0b1"
        },
        "setuptools": {
            "hashes": [
                "sha256:7999cbd87f1b6e1f33bf47efa368b224bed5e27b5ef2c4d46580186cbcb1a86a",
                "sha256:a65e3802053e99fc64c6b3b29c11132943d5b8c8facbcc461157511546510967"
            ],
            "markers": "python_version >= '3.7'",
            "version": "==62.0.0"
        },
        "six": {
            "hashes": [
                "sha256:1e61c37477a1626458e36f7b1d82aa5c9b094fa4802892072e49de9c60c4c926",
                "sha256:8abb2f1d86890a2dfb989f9a77cfcfd3e47c2a354b01111771326f8aa26e0254"
            ],
            "markers": "python_version >= '2.7' and python_version not in '3.0, 3.1, 3.2, 3.3'",
            "version": "==1.16.0"
        },
        "stack-data": {
            "hashes": [
                "sha256:45692d41bd633a9503a5195552df22b583caf16f0b27c4e58c98d88c8b648e12",
                "sha256:999762f9c3132308789affa03e9271bbbe947bf78311851f4d485d8402ed858e"
            ],
            "version": "==0.2.0"
        },
        "toml": {
            "hashes": [
                "sha256:806143ae5bfb6a3c6e736a764057db0e6a0e05e338b5630894a5f779cabb4f9b",
                "sha256:b3bda1d108d5dd99f4a20d24d9c348e91c4db7ab1b749200bded2f839ccbe68f"
            ],
            "markers": "python_version >= '2.6' and python_version not in '3.0, 3.1, 3.2, 3.3'",
            "version": "==0.10.2"
        },
        "tomli": {
            "hashes": [
                "sha256:939de3e7a6161af0c887ef91b7d41a53e7c5a1ca976325f429cb46ea9bc30ecc",
                "sha256:de526c12914f0c550d15924c62d72abc48d6fe7364aa87328337a31007fe8a4f"
            ],
            "markers": "python_version < '3.11'",
            "version": "==2.0.1"
        },
        "tornado": {
            "hashes": [
                "sha256:0a00ff4561e2929a2c37ce706cb8233b7907e0cdc22eab98888aca5dd3775feb",
                "sha256:0d321a39c36e5f2c4ff12b4ed58d41390460f798422c4504e09eb5678e09998c",
                "sha256:1e8225a1070cd8eec59a996c43229fe8f95689cb16e552d130b9793cb570a288",
                "sha256:20241b3cb4f425e971cb0a8e4ffc9b0a861530ae3c52f2b0434e6c1b57e9fd95",
                "sha256:25ad220258349a12ae87ede08a7b04aca51237721f63b1808d39bdb4b2164558",
                "sha256:33892118b165401f291070100d6d09359ca74addda679b60390b09f8ef325ffe",
                "sha256:33c6e81d7bd55b468d2e793517c909b139960b6c790a60b7991b9b6b76fb9791",
                "sha256:3447475585bae2e77ecb832fc0300c3695516a47d46cefa0528181a34c5b9d3d",
                "sha256:34ca2dac9e4d7afb0bed4677512e36a52f09caa6fded70b4e3e1c89dbd92c326",
                "sha256:3e63498f680547ed24d2c71e6497f24bca791aca2fe116dbc2bd0ac7f191691b",
                "sha256:548430be2740e327b3fe0201abe471f314741efcb0067ec4f2d7dcfb4825f3e4",
                "sha256:6196a5c39286cc37c024cd78834fb9345e464525d8991c21e908cc046d1cc02c",
                "sha256:61b32d06ae8a036a6607805e6720ef00a3c98207038444ba7fd3d169cd998910",
                "sha256:6286efab1ed6e74b7028327365cf7346b1d777d63ab30e21a0f4d5b275fc17d5",
                "sha256:65d98939f1a2e74b58839f8c4dab3b6b3c1ce84972ae712be02845e65391ac7c",
                "sha256:66324e4e1beede9ac79e60f88de548da58b1f8ab4b2f1354d8375774f997e6c0",
                "sha256:6c77c9937962577a6a76917845d06af6ab9197702a42e1346d8ae2e76b5e3675",
                "sha256:70dec29e8ac485dbf57481baee40781c63e381bebea080991893cd297742b8fd",
                "sha256:7250a3fa399f08ec9cb3f7b1b987955d17e044f1ade821b32e5f435130250d7f",
                "sha256:748290bf9112b581c525e6e6d3820621ff020ed95af6f17fedef416b27ed564c",
                "sha256:7da13da6f985aab7f6f28debab00c67ff9cbacd588e8477034c0652ac141feea",
                "sha256:8f959b26f2634a091bb42241c3ed8d3cedb506e7c27b8dd5c7b9f745318ddbb6",
                "sha256:9de9e5188a782be6b1ce866e8a51bc76a0fbaa0e16613823fc38e4fc2556ad05",
                "sha256:a48900ecea1cbb71b8c71c620dee15b62f85f7c14189bdeee54966fbd9a0c5bd",
                "sha256:b87936fd2c317b6ee08a5741ea06b9d11a6074ef4cc42e031bc6403f82a32575",
                "sha256:c77da1263aa361938476f04c4b6c8916001b90b2c2fdd92d8d535e1af48fba5a",
                "sha256:cb5ec8eead331e3bb4ce8066cf06d2dfef1bfb1b2a73082dfe8a161301b76e37",
                "sha256:cc0ee35043162abbf717b7df924597ade8e5395e7b66d18270116f8745ceb795",
                "sha256:d14d30e7f46a0476efb0deb5b61343b1526f73ebb5ed84f23dc794bdb88f9d9f",
                "sha256:d371e811d6b156d82aa5f9a4e08b58debf97c302a35714f6f45e35139c332e32",
                "sha256:d3d20ea5782ba63ed13bc2b8c291a053c8d807a8fa927d941bd718468f7b950c",
                "sha256:d3f7594930c423fd9f5d1a76bee85a2c36fd8b4b16921cae7e965f22575e9c01",
                "sha256:dcef026f608f678c118779cd6591c8af6e9b4155c44e0d1bc0c87c036fb8c8c4",
                "sha256:e0791ac58d91ac58f694d8d2957884df8e4e2f6687cdf367ef7eb7497f79eaa2",
                "sha256:e385b637ac3acaae8022e7e47dfa7b83d3620e432e3ecb9a3f7f58f150e50921",
                "sha256:e519d64089b0876c7b467274468709dadf11e41d65f63bba207e04217f47c085",
                "sha256:e7229e60ac41a1202444497ddde70a48d33909e484f96eb0da9baf8dc68541df",
                "sha256:ed3ad863b1b40cd1d4bd21e7498329ccaece75db5a5bf58cd3c9f130843e7102",
                "sha256:f0ba29bafd8e7e22920567ce0d232c26d4d47c8b5cf4ed7b562b5db39fa199c5",
                "sha256:fa2ba70284fa42c2a5ecb35e322e68823288a4251f9ba9cc77be04ae15eada68",
                "sha256:fba85b6cd9c39be262fcd23865652920832b61583de2a2ca907dbd8e8a8c81e5"
            ],
            "markers": "python_version >= '3.5'",
            "version": "==6.1"
        },
        "traitlets": {
            "hashes": [
                "sha256:059f456c5a7c1c82b98c2e8c799f39c9b8128f6d0d46941ee118daace9eb70c7",
                "sha256:2d313cc50a42cd6c277e7d7dc8d4d7fedd06a2c215f78766ae7b1a66277e0033"
            ],
            "markers": "python_version >= '3.7'",
            "version": "==5.1.1"
        },
        "wcwidth": {
            "hashes": [
                "sha256:beb4802a9cebb9144e99086eff703a642a13d6a0052920003a230f3294bbe784",
                "sha256:c4d647b99872929fdb7bdcaa4fbe7f01413ed3d98077df798530e5b04f116c83"
            ],
            "version": "==0.2.5"
        },
        "yapf": {
            "hashes": [
                "sha256:8fea849025584e486fd06d6ba2bed717f396080fd3cc236ba10cb97c4c51cf32",
                "sha256:a3f5085d37ef7e3e004c4ba9f9b3e40c54ff1901cd111f05145ae313a7c67d1b"
            ],
            "index": "pypi",
            "version": "==0.32.0"
        }
    }
}
